
Microsoft Visual Studio Solution File, Format Version 12.00
# Visual Studio Version 17
VisualStudioVersion = 17.8.34330.188
MinimumVisualStudioVersion = 10.0.40219.1
Project("{FAE04EC0-301F-11D3-BF4B-00C04F79EFBC}") = "Dating_App_Main", "Dating_App_Main\Dating_App_Main.csproj", "{86B67FEF-4F81-4B76-B3D2-8185E6ECE51A}"
EndProject
Global
	GlobalSection(SolutionConfigurationPlatforms) = preSolution
		Debug|Any CPU = Debug|Any CPU
		Release|Any CPU = Release|Any CPU
	EndGlobalSection
	GlobalSection(ProjectConfigurationPlatforms) = postSolution
		{86B67FEF-4F81-4B76-B3D2-8185E6ECE51A}.Debug|Any CPU.ActiveCfg = Debug|Any CPU
		{86B67FEF-4F81-4B76-B3D2-8185E6ECE51A}.Debug|Any CPU.Build.0 = Debug|Any CPU
		{86B67FEF-4F81-4B76-B3D2-8185E6ECE51A}.Release|Any CPU.ActiveCfg = Release|Any CPU
		{86B67FEF-4F81-4B76-B3D2-8185E6ECE51A}.Release|Any CPU.Build.0 = Release|Any CPU
	EndGlobalSection
	GlobalSection(SolutionProperties) = preSolution
		HideSolutionNode = FALSE
	EndGlobalSection
	GlobalSection(ExtensibilityGlobals) = postSolution
		SolutionGuid = {03A6977B-4E7D-4CD8-86DA-309FD07032CD}
	EndGlobalSection
EndGlobal
